
Microsoft Visual Studio Solution File, Format Version 12.00
# Visual Studio Version 16
VisualStudioVersion = 16.0.30413.136
MinimumVisualStudioVersion = 10.0.40219.1
Project("{9A19103F-16F7-4668-BE54-9A1E7A4F7556}") = "GankCompanionDataReader", "GankCompanionDataReader\GankCompanionDataReader.csproj", "{0A36FE34-8457-47C8-929D-4AE8D96F27A0}"
EndProject
Global
	GlobalSection(SolutionConfigurationPlatforms) = preSolution
		Debug|Any CPU = Debug|Any CPU
		Release|Any CPU = Release|Any CPU
	EndGlobalSection
	GlobalSection(ProjectConfigurationPlatforms) = postSolution
		{0A36FE34-8457-47C8-929D-4AE8D96F27A0}.Debug|Any CPU.ActiveCfg = Debug|Any CPU
		{0A36FE34-8457-47C8-929D-4AE8D96F27A0}.Debug|Any CPU.Build.0 = Debug|Any CPU
		{0A36FE34-8457-47C8-929D-4AE8D96F27A0}.Release|Any CPU.ActiveCfg = Release|Any CPU
		{0A36FE34-8457-47C8-929D-4AE8D96F27A0}.Release|Any CPU.Build.0 = Release|Any CPU
	EndGlobalSection
	GlobalSection(SolutionProperties) = preSolution
		HideSolutionNode = FALSE
	EndGlobalSection
	GlobalSection(ExtensibilityGlobals) = postSolution
		SolutionGuid = {8F06FD85-2DF6-48FC-8D2E-A1EE58B1CFED}
	EndGlobalSection
EndGlobal
